
Microsoft Visual Studio Solution File, Format Version 12.00
# Visual Studio Version 17
VisualStudioVersion = 17.5.002.0
MinimumVisualStudioVersion = 10.0.40219.1
Project("{9A19103F-16F7-4668-BE54-9A1E7A4F7556}") = "TWJobs", "app\TWJobs.csproj", "{A49DBD5A-9251-4972-B074-DD74FEA49BB7}"
EndProject
Global
	GlobalSection(SolutionConfigurationPlatforms) = preSolution
		Debug|Any CPU = Debug|Any CPU
		Release|Any CPU = Release|Any CPU
	EndGlobalSection
	GlobalSection(ProjectConfigurationPlatforms) = postSolution
		{A49DBD5A-9251-4972-B074-DD74FEA49BB7}.Debug|Any CPU.ActiveCfg = Debug|Any CPU
		{A49DBD5A-9251-4972-B074-DD74FEA49BB7}.Debug|Any CPU.Build.0 = Debug|Any CPU
		{A49DBD5A-9251-4972-B074-DD74FEA49BB7}.Release|Any CPU.ActiveCfg = Release|Any CPU
		{A49DBD5A-9251-4972-B074-DD74FEA49BB7}.Release|Any CPU.Build.0 = Release|Any CPU
	EndGlobalSection
	GlobalSection(SolutionProperties) = preSolution
		HideSolutionNode = FALSE
	EndGlobalSection
	GlobalSection(ExtensibilityGlobals) = postSolution
		SolutionGuid = {F1AE16EA-5275-44A6-A796-BCB966409774}
	EndGlobalSection
EndGlobal
